# THIS IS AN AUTOGENERATED FILE. DO NOT EDIT THIS FILE DIRECTLY.
# yarn lockfile v1


"@pirxpilot/eviltransform@^0.2.2":
  version "0.2.2"
  resolved "https://registry.yarnpkg.com/@pirxpilot/eviltransform/-/eviltransform-0.2.2.tgz#420241a1da6a3a85418c726cab34b51069b0fb1e"

"@pirxpilot/google-polyline@^2.0.3":
  version "2.1.1"
  resolved "https://registry.yarnpkg.com/@pirxpilot/google-polyline/-/google-polyline-2.1.1.tgz#5bc8010358dcf5a73db8b7b3cd103348d335f311"

acorn-dynamic-import@^3.0.0:
  version "3.0.0"
  resolved "https://registry.yarnpkg.com/acorn-dynamic-import/-/acorn-dynamic-import-3.0.0.tgz#901ceee4c7faaef7e07ad2a47e890675da50a278"
  dependencies:
    acorn "^5.0.0"

acorn-jsx@^4.1.1:
  version "4.1.1"
  resolved "https://registry.yarnpkg.com/acorn-jsx/-/acorn-jsx-4.1.1.tgz#e8e41e48ea2fe0c896740610ab6a4ffd8add225e"
  dependencies:
    acorn "^5.0.3"

acorn@^5.0.0, acorn@^5.0.3, acorn@^5.4.1:
  version "5.7.1"
  resolved "https://registry.yarnpkg.com/acorn/-/acorn-5.7.1.tgz#f095829297706a7c9776958c0afc8930a9b9d9d8"

align-text@^0.1.1, align-text@^0.1.3:
  version "0.1.4"
  resolved "https://registry.yarnpkg.com/align-text/-/align-text-0.1.4.tgz#0cd90a561093f35d0a99256c22b7069433fad117"
  dependencies:
    kind-of "^3.0.2"
    longest "^1.0.1"
    repeat-string "^1.5.2"

ansi-styles@^3.2.1:
  version "3.2.1"
  resolved "https://registry.yarnpkg.com/ansi-styles/-/ansi-styles-3.2.1.tgz#41fbb20243e50b12be0f04b8dedbf07520ce841d"
  dependencies:
    color-convert "^1.9.0"

async@~0.2.6:
  version "0.2.10"
  resolved "https://registry.yarnpkg.com/async/-/async-0.2.10.tgz#b6bbe0b0674b9d719708ca38de8c237cb526c3d1"

balanced-match@^0.4.1:
  version "0.4.2"
  resolved "https://registry.yarnpkg.com/balanced-match/-/balanced-match-0.4.2.tgz#cb3f3e3c732dc0f01ee70b403f302e61d7709838"

brace-expansion@^1.0.0:
  version "1.1.6"
  resolved "https://registry.yarnpkg.com/brace-expansion/-/brace-expansion-1.1.6.tgz#7197d7eaa9b87e648390ea61fc66c84427420df9"
  dependencies:
    balanced-match "^0.4.1"
    concat-map "0.0.1"

buble@^0.19.3:
  version "0.19.3"
  resolved "https://registry.yarnpkg.com/buble/-/buble-0.19.3.tgz#01e9412062cff1da6f20342b6ecd72e7bf699d02"
  dependencies:
    acorn "^5.4.1"
    acorn-dynamic-import "^3.0.0"
    acorn-jsx "^4.1.1"
    chalk "^2.3.1"
    magic-string "^0.22.4"
    minimist "^1.2.0"
    os-homedir "^1.0.1"
    vlq "^1.0.0"

camelcase@^1.0.2:
  version "1.2.1"
  resolved "https://registry.yarnpkg.com/camelcase/-/camelcase-1.2.1.tgz#9bb5304d2e0b56698b2c758b08a3eaa9daa58a39"

center-align@^0.1.1:
  version "0.1.3"
  resolved "https://registry.yarnpkg.com/center-align/-/center-align-0.1.3.tgz#aa0d32629b6ee972200411cbd4461c907bc2b7ad"
  dependencies:
    align-text "^0.1.3"
    lazy-cache "^1.0.3"

chalk@^2.3.1:
  version "2.4.1"
  resolved "https://registry.yarnpkg.com/chalk/-/chalk-2.4.1.tgz#18c49ab16a037b6eb0152cc83e3471338215b66e"
  dependencies:
    ansi-styles "^3.2.1"
    escape-string-regexp "^1.0.5"
    supports-color "^5.3.0"

cli@~1.0.0:
  version "1.0.1"
  resolved "https://registry.yarnpkg.com/cli/-/cli-1.0.1.tgz#22817534f24bfa4950c34d532d48ecbc621b8c14"
  dependencies:
    exit "0.1.2"
    glob "^7.1.1"

cliui@^2.1.0:
  version "2.1.0"
  resolved "https://registry.yarnpkg.com/cliui/-/cliui-2.1.0.tgz#4b475760ff80264c762c3a1719032e91c7fea0d1"
  dependencies:
    center-align "^0.1.1"
    right-align "^0.1.1"
    wordwrap "0.0.2"

color-convert@^1.9.0:
  version "1.9.2"
  resolved "https://registry.yarnpkg.com/color-convert/-/color-convert-1.9.2.tgz#49881b8fba67df12a96bdf3f56c0aab9e7913147"
  dependencies:
    color-name "1.1.1"

color-name@1.1.1:
  version "1.1.1"
  resolved "https://registry.yarnpkg.com/color-name/-/color-name-1.1.1.tgz#4b1415304cf50028ea81643643bd82ea05803689"

component-bind@*:
  version "1.0.0"
  resolved "https://registry.yarnpkg.com/component-bind/-/component-bind-1.0.0.tgz#00c608ab7dcd93897c0009651b1d3a8e1e73bbd1"

component-classes@^1.2.1, component-classes@^1.2.4:
  version "1.2.6"
  resolved "https://registry.yarnpkg.com/component-classes/-/component-classes-1.2.6.tgz#c642394c3618a4d8b0b8919efccbbd930e5cd691"
  dependencies:
    component-indexof "0.0.3"

component-closest@*:
  version "1.0.1"
  resolved "https://registry.yarnpkg.com/component-closest/-/component-closest-1.0.1.tgz#1ed0464132fc88a3510a2dabec079695789fb1b5"
  dependencies:
    component-matches-selector "~0.1.6"

component-delegate@0.2.3:
  version "0.2.3"
  resolved "http://registry.npmjs.org/component-delegate/-/component-delegate-0.2.3.tgz#523ec3a0538fdc85e25e9b4ae4c5e0606875f7fc"
  dependencies:
    component-closest "*"
    component-event "*"

component-emitter@1.2.0:
  version "1.2.0"
  resolved "https://registry.yarnpkg.com/component-emitter/-/component-emitter-1.2.0.tgz#ccd113a86388d06482d03de3fc7df98526ba8efe"

component-event@*, component-event@0.1.4, component-event@~0:
  version "0.1.4"
  resolved "https://registry.yarnpkg.com/component-event/-/component-event-0.1.4.tgz#3de78fc28782381787e24bf2a7c536bf0142c9b4"

component-events@1.0.9:
  version "1.0.9"
  resolved "http://registry.npmjs.org/component-events/-/component-events-1.0.9.tgz#cf784541272db71b5b231552df89d805eef62900"
  dependencies:
    component-delegate "0.2.3"
    component-event "0.1.4"

component-indexof@0.0.3:
  version "0.0.3"
  resolved "https://registry.yarnpkg.com/component-indexof/-/component-indexof-0.0.3.tgz#11d091312239eb8f32c8f25ae9cb002ffe8d3c24"

component-matches-selector@~0.1.6:
  version "0.1.6"
  resolved "https://registry.yarnpkg.com/component-matches-selector/-/component-matches-selector-0.1.6.tgz#7b630e04e7e0c3b0019f31749fd70af5ed8b972e"
  dependencies:
    component-query "*"

component-os@*:
  version "0.0.1"
  resolved "https://registry.yarnpkg.com/component-os/-/component-os-0.0.1.tgz#959343be0d6843bb77712fe278f5ff7b5123296b"

component-query@*:
  version "0.0.3"
  resolved "https://registry.yarnpkg.com/component-query/-/component-query-0.0.3.tgz#07f49dab7071fa9606725df53e607f468acdaacf"

computed-style-component@0.1.0:
  version "0.1.0"
  resolved "https://registry.yarnpkg.com/computed-style-component/-/computed-style-component-0.1.0.tgz#38c2138ec3f108a78eed3163cb6c98a84ddc0a28"

concat-map@0.0.1:
  version "0.0.1"
  resolved "https://registry.yarnpkg.com/concat-map/-/concat-map-0.0.1.tgz#d8a96bd77fd68df7793a73036a3ba0d5405d477b"

console-browserify@1.1.x:
  version "1.1.0"
  resolved "https://registry.yarnpkg.com/console-browserify/-/console-browserify-1.1.0.tgz#f0241c45730a9fc6323b206dbf38edc741d0bb10"
  dependencies:
    date-now "^0.1.4"

core-util-is@~1.0.0:
  version "1.0.2"
  resolved "https://registry.yarnpkg.com/core-util-is/-/core-util-is-1.0.2.tgz#b5fd54220aa2bc5ab57aab7140c940754503c1a7"

cse@^1.0.4:
  version "1.0.4"
  resolved "https://registry.yarnpkg.com/cse/-/cse-1.0.4.tgz#9c2f1e616c1bbdc2ad78fb6e1584d3556e2bf266"
  dependencies:
    dynload "^1.0.2"

dataset@^0.3.1:
  version "0.3.1"
  resolved "https://registry.yarnpkg.com/dataset/-/dataset-0.3.1.tgz#191ccbf3be6d281a6b3ff4bf0698800bd0367cb7"

date-now@^0.1.4:
  version "0.1.4"
  resolved "https://registry.yarnpkg.com/date-now/-/date-now-0.1.4.tgz#eaf439fd4d4848ad74e5cc7dbef200672b9e345b"

decamelize@^1.0.0:
  version "1.2.0"
  resolved "https://registry.yarnpkg.com/decamelize/-/decamelize-1.2.0.tgz#f6534d15148269b20352e7bee26f501f9a191290"

dom-serializer@0:
  version "0.1.0"
  resolved "https://registry.yarnpkg.com/dom-serializer/-/dom-serializer-0.1.0.tgz#073c697546ce0780ce23be4a28e293e40bc30c82"
  dependencies:
    domelementtype "~1.1.1"
    entities "~1.1.1"

domelementtype@1:
  version "1.3.0"
  resolved "https://registry.yarnpkg.com/domelementtype/-/domelementtype-1.3.0.tgz#b17aed82e8ab59e52dd9c19b1756e0fc187204c2"

domelementtype@~1.1.1:
  version "1.1.3"
  resolved "https://registry.yarnpkg.com/domelementtype/-/domelementtype-1.1.3.tgz#bd28773e2642881aec51544924299c5cd822185b"

domhandler@2.3:
  version "2.3.0"
  resolved "https://registry.yarnpkg.com/domhandler/-/domhandler-2.3.0.tgz#2de59a0822d5027fabff6f032c2b25a2a8abe738"
  dependencies:
    domelementtype "1"

domutils@1.5:
  version "1.5.1"
  resolved "https://registry.yarnpkg.com/domutils/-/domutils-1.5.1.tgz#dcd8488a26f563d61079e48c9f7b7e32373682cf"
  dependencies:
    dom-serializer "0"
    domelementtype "1"

dynload@^1.0.2:
  version "1.0.2"
  resolved "https://registry.yarnpkg.com/dynload/-/dynload-1.0.2.tgz#c6493d76d1f3cf86a9232abc7c4c258c41bf72df"

entities@1.0:
  version "1.0.0"
  resolved "https://registry.yarnpkg.com/entities/-/entities-1.0.0.tgz#b2987aa3821347fcde642b24fdfc9e4fb712bf26"

entities@~1.1.1:
  version "1.1.1"
  resolved "https://registry.yarnpkg.com/entities/-/entities-1.1.1.tgz#6e5c2d0a5621b5dadaecef80b90edfb5cd7772f0"

escape-string-regexp@^1.0.5:
  version "1.0.5"
  resolved "https://registry.yarnpkg.com/escape-string-regexp/-/escape-string-regexp-1.0.5.tgz#1b61c0562190a8dff6ae3bb2cf0200ca130b86d4"

exit@0.1.2, exit@0.1.x:
  version "0.1.2"
  resolved "https://registry.yarnpkg.com/exit/-/exit-0.1.2.tgz#0632638f8d877cc82107d30a0fff1a17cba1cd0c"

fs.realpath@^1.0.0:
  version "1.0.0"
  resolved "https://registry.yarnpkg.com/fs.realpath/-/fs.realpath-1.0.0.tgz#1504ad2523158caa40db4a2787cb01411994ea4f"

geodesy@^1.1.1:
  version "1.1.3"
  resolved "https://registry.yarnpkg.com/geodesy/-/geodesy-1.1.3.tgz#a0cbd5db5c0cf8ac045e749f754f61b450382de9"

glob@^7.1.1:
  version "7.1.1"
  resolved "https://registry.yarnpkg.com/glob/-/glob-7.1.1.tgz#805211df04faaf1c63a3600306cdf5ade50b2ec8"
  dependencies:
    fs.realpath "^1.0.0"
    inflight "^1.0.4"
    inherits "2"
    minimatch "^3.0.2"
    once "^1.3.0"
    path-is-absolute "^1.0.0"

has-flag@^3.0.0:
  version "3.0.0"
  resolved "https://registry.yarnpkg.com/has-flag/-/has-flag-3.0.0.tgz#b5d454dc2199ae225699f3467e5a07f3b955bafd"

has-translate3d@0.0.3:
  version "0.0.3"
  resolved "https://registry.yarnpkg.com/has-translate3d/-/has-translate3d-0.0.3.tgz#ee0157ad5b4ca8a1a33514a9e7ef45415a132103"
  dependencies:
    transform-property "0.0.1"

htmlparser2@3.8.x:
  version "3.8.3"
  resolved "https://registry.yarnpkg.com/htmlparser2/-/htmlparser2-3.8.3.tgz#996c28b191516a8be86501a7d79757e5c70c1068"
  dependencies:
    domelementtype "1"
    domhandler "2.3"
    domutils "1.5"
    entities "1.0"
    readable-stream "1.1"

inflight@^1.0.4:
  version "1.0.6"
  resolved "https://registry.yarnpkg.com/inflight/-/inflight-1.0.6.tgz#49bd6331d7d02d0c09bc910a1075ba8165b56df9"
  dependencies:
    once "^1.3.0"
    wrappy "1"

inherits@2, inherits@~2.0.1:
  version "2.0.3"
  resolved "https://registry.yarnpkg.com/inherits/-/inherits-2.0.3.tgz#633c2c83e3da42a502f52466022480f4208261de"

is-buffer@^1.0.2:
  version "1.1.4"
  resolved "https://registry.yarnpkg.com/is-buffer/-/is-buffer-1.1.4.tgz#cfc86ccd5dc5a52fa80489111c6920c457e2d98b"

isarray@0.0.1:
  version "0.0.1"
  resolved "https://registry.yarnpkg.com/isarray/-/isarray-0.0.1.tgz#8a18acfca9a8f4177e09abfc6038939b05d1eedf"

jshint@^2.8.0:
  version "2.9.4"
  resolved "https://registry.yarnpkg.com/jshint/-/jshint-2.9.4.tgz#5e3ba97848d5290273db514aee47fe24cf592934"
  dependencies:
    cli "~1.0.0"
    console-browserify "1.1.x"
    exit "0.1.x"
    htmlparser2 "3.8.x"
    lodash "3.7.x"
    minimatch "~3.0.2"
    shelljs "0.3.x"
    strip-json-comments "1.0.x"

kind-of@^3.0.2:
  version "3.0.4"
  resolved "https://registry.yarnpkg.com/kind-of/-/kind-of-3.0.4.tgz#7b8ecf18a4e17f8269d73b501c9f232c96887a74"
  dependencies:
    is-buffer "^1.0.2"

lazy-cache@^1.0.3:
  version "1.0.4"
  resolved "https://registry.yarnpkg.com/lazy-cache/-/lazy-cache-1.0.4.tgz#a1d78fc3a50474cb80845d3b3b6e1da49a446e8e"

lodash@3.7.x:
  version "3.7.0"
  resolved "https://registry.yarnpkg.com/lodash/-/lodash-3.7.0.tgz#3678bd8ab995057c07ade836ed2ef087da811d45"

longest@^1.0.1:
  version "1.0.1"
  resolved "https://registry.yarnpkg.com/longest/-/longest-1.0.1.tgz#30a0b2da38f73770e8294a0d22e6625ed77d0097"

magic-string@^0.22.4:
  version "0.22.5"
  resolved "https://registry.yarnpkg.com/magic-string/-/magic-string-0.22.5.tgz#8e9cf5afddf44385c1da5bc2a6a0dbd10b03657e"
  dependencies:
    vlq "^0.2.2"

map-scale-control@^0.0.1:
  version "0.0.1"
  resolved "https://registry.yarnpkg.com/map-scale-control/-/map-scale-control-0.0.1.tgz#ce7df1ade2e2fc5551bddf237eee8ced54fa42a8"

map-zoom-control@^0.0.1:
  version "0.0.1"
  resolved "https://registry.yarnpkg.com/map-zoom-control/-/map-zoom-control-0.0.1.tgz#38d23ddc0e9ec088b5265b9301d167dc47407345"

maps-facade@^1.4.1:
  version "1.4.1"
  resolved "https://registry.yarnpkg.com/maps-facade/-/maps-facade-1.4.1.tgz#4bec9e4b21498eed84e1afd7f13f42421167ad17"
  dependencies:
    "@pirxpilot/eviltransform" "^0.2.2"
    "@pirxpilot/google-polyline" "^2.0.3"
    dynload "^1.0.2"
    geodesy "^1.1.1"
    map-scale-control "^0.0.1"
    map-zoom-control "^0.0.1"

minimatch@^3.0.2, minimatch@~3.0.2:
  version "3.0.3"
  resolved "https://registry.yarnpkg.com/minimatch/-/minimatch-3.0.3.tgz#2a4e4090b96b2db06a9d7df01055a62a77c9b774"
  dependencies:
    brace-expansion "^1.0.0"

minimist@^1.2.0:
  version "1.2.0"
  resolved "https://registry.yarnpkg.com/minimist/-/minimist-1.2.0.tgz#a35008b20f41383eec1fb914f4cd5df79a264284"

once@^1.3.0:
  version "1.3.3"
  resolved "https://registry.yarnpkg.com/once/-/once-1.3.3.tgz#b2e261557ce4c314ec8304f3fa82663e4297ca20"
  dependencies:
    wrappy "1"

os-homedir@^1.0.1:
  version "1.0.2"
  resolved "https://registry.yarnpkg.com/os-homedir/-/os-homedir-1.0.2.tgz#ffbc4988336e0e833de0c168c7ef152121aa7fb3"

path-is-absolute@^1.0.0:
  version "1.0.1"
  resolved "https://registry.yarnpkg.com/path-is-absolute/-/path-is-absolute-1.0.1.tgz#174b9268735534ffbc7ace6bf53a5a9e1b5c5f5f"

readable-stream@1.1:
  version "1.1.13"
  resolved "https://registry.yarnpkg.com/readable-stream/-/readable-stream-1.1.13.tgz#f6eef764f514c89e2b9e23146a75ba106756d23e"
  dependencies:
    core-util-is "~1.0.0"
    inherits "~2.0.1"
    isarray "0.0.1"
    string_decoder "~0.10.x"

repeat-string@^1.5.2:
  version "1.6.1"
  resolved "https://registry.yarnpkg.com/repeat-string/-/repeat-string-1.6.1.tgz#8dcae470e1c88abc2d600fff4a776286da75e637"

right-align@^0.1.1:
  version "0.1.3"
  resolved "https://registry.yarnpkg.com/right-align/-/right-align-0.1.3.tgz#61339b722fe6a3515689210d24e14c96148613ef"
  dependencies:
    align-text "^0.1.1"

scroll-hilo@^1.0.2:
  version "1.0.2"
  resolved "https://registry.yarnpkg.com/scroll-hilo/-/scroll-hilo-1.0.2.tgz#9e16c35c1ffa556979644312e034901a490ec8b4"
  dependencies:
    component-classes "^1.2.1"
    component-event "~0"

shelljs@0.3.x:
  version "0.3.0"
  resolved "https://registry.yarnpkg.com/shelljs/-/shelljs-0.3.0.tgz#3596e6307a781544f591f37da618360f31db57b1"

source-map@~0.5.1:
  version "0.5.6"
  resolved "https://registry.yarnpkg.com/source-map/-/source-map-0.5.6.tgz#75ce38f52bf0733c5a7f0c118d81334a2bb5f412"

string_decoder@~0.10.x:
  version "0.10.31"
  resolved "https://registry.yarnpkg.com/string_decoder/-/string_decoder-0.10.31.tgz#62e203bc41766c6c28c9fc84301dab1c5310fa94"

strip-json-comments@1.0.x:
  version "1.0.4"
  resolved "https://registry.yarnpkg.com/strip-json-comments/-/strip-json-comments-1.0.4.tgz#1e15fbcac97d3ee99bf2d73b4c656b082bbafb91"

supports-color@^5.3.0:
  version "5.4.0"
  resolved "https://registry.yarnpkg.com/supports-color/-/supports-color-5.4.0.tgz#1c6b337402c2137605efe19f10fec390f6faab54"
  dependencies:
    has-flag "^3.0.0"

swipe@^1.7.7:
  version "1.7.7"
  resolved "https://registry.yarnpkg.com/swipe/-/swipe-1.7.7.tgz#63e287e7f67197f62d920f72956ebe10a8cb63f1"
  dependencies:
    component-emitter "1.2.0"
    component-event "0.1.4"
    component-events "1.0.9"
    computed-style-component "0.1.0"
    has-translate3d "0.0.3"
    touchaction-property "0.0.1"
    transform-property "0.0.1"
    transitionend-property "0.0.2"

touchaction-property@0.0.1:
  version "0.0.1"
  resolved "https://registry.yarnpkg.com/touchaction-property/-/touchaction-property-0.0.1.tgz#f046a46224776091cacdc63c20ffc737b751f6c6"

transform-property@0.0.1:
  version "0.0.1"
  resolved "https://registry.yarnpkg.com/transform-property/-/transform-property-0.0.1.tgz#4863662f9d5e5bb8f0c00648eff08beb14fd65f2"

transitionend-property@0.0.2:
  version "0.0.2"
  resolved "https://registry.yarnpkg.com/transitionend-property/-/transitionend-property-0.0.2.tgz#7f969648f8394d52ba097f126b2b1e79f37b0c6c"

uglify-js@^2.6.1:
  version "2.7.4"
  resolved "https://registry.yarnpkg.com/uglify-js/-/uglify-js-2.7.4.tgz#a295a0de12b6a650c031c40deb0dc40b14568bd2"
  dependencies:
    async "~0.2.6"
    source-map "~0.5.1"
    uglify-to-browserify "~1.0.0"
    yargs "~3.10.0"

uglify-to-browserify@~1.0.0:
  version "1.0.2"
  resolved "https://registry.yarnpkg.com/uglify-to-browserify/-/uglify-to-browserify-1.0.2.tgz#6e0924d6bda6b5afe349e39a6d632850a0f882b7"

vlq@^0.2.2:
  version "0.2.3"
  resolved "https://registry.yarnpkg.com/vlq/-/vlq-0.2.3.tgz#8f3e4328cf63b1540c0d67e1b2778386f8975b26"

vlq@^1.0.0:
  version "1.0.0"
  resolved "https://registry.yarnpkg.com/vlq/-/vlq-1.0.0.tgz#8101be90843422954c2b13eb27f2f3122bdcc806"

window-size@0.1.0:
  version "0.1.0"
  resolved "https://registry.yarnpkg.com/window-size/-/window-size-0.1.0.tgz#5438cd2ea93b202efa3a19fe8887aee7c94f9c9d"

wordwrap@0.0.2:
  version "0.0.2"
  resolved "https://registry.yarnpkg.com/wordwrap/-/wordwrap-0.0.2.tgz#b79669bb42ecb409f83d583cad52ca17eaa1643f"

wrappy@1:
  version "1.0.2"
  resolved "https://registry.yarnpkg.com/wrappy/-/wrappy-1.0.2.tgz#b5243d8f3ec1aa35f1364605bc0d1036e30ab69f"

yargs@~3.10.0:
  version "3.10.0"
  resolved "https://registry.yarnpkg.com/yargs/-/yargs-3.10.0.tgz#f7ee7bd857dd7c1d2d38c0e74efbd681d1431fd1"
  dependencies:
    camelcase "^1.0.2"
    cliui "^2.1.0"
    decamelize "^1.0.0"
    window-size "0.1.0"

yields-k-sequence@*:
  version "0.1.0"
  resolved "https://registry.yarnpkg.com/yields-k-sequence/-/yields-k-sequence-0.1.0.tgz#b7569acec6c5f594d67f36dfaa24a271c3804d3a"
  dependencies:
    yields-keycode "*"

yields-k@^0.7.2:
  version "0.7.2"
  resolved "https://registry.yarnpkg.com/yields-k/-/yields-k-0.7.2.tgz#97409a8036218da34fed6b6b4770fefb77e6dd00"
  dependencies:
    component-bind "*"
    component-event "*"
    component-os "*"
    yields-k-sequence "*"
    yields-keycode "*"

yields-keycode@*:
  version "1.1.0"
  resolved "https://registry.yarnpkg.com/yields-keycode/-/yields-keycode-1.1.0.tgz#038a985866cbb6910e433ac5e28b8399dffc35df"
